{
    "version": 3,
    "terraform_version": "0.11.6",
    "serial": 56,
    "lineage": "41053a40-9297-1cfd-cafe-fdcb613c5fae",
    "modules": [
        {
            "path": [
                "root"
            ],
            "outputs": {
                "bastion.dns": {
                    "sensitive": false,
                    "type": "list",
                    "value": [
                        "ec2-3-91-53-162.compute-1.amazonaws.com"
                    ]
                },
                "bastion.ip": {
                    "sensitive": false,
                    "type": "list",
                    "value": [
                        "3.91.53.162"
                    ]
                }
            },
            "resources": {
                "aws_eip.nat": {
                    "type": "aws_eip",
                    "depends_on": [],
                    "primary": {
                        "id": "eipalloc-02f3f38b5549d29ea",
                        "attributes": {
                            "association_id": "",
                            "domain": "vpc",
                            "id": "eipalloc-02f3f38b5549d29ea",
                            "instance": "",
                            "network_interface": "",
                            "private_ip": "",
                            "public_ip": "3.83.74.144",
                            "public_ipv4_pool": "amazon",
                            "tags.%": "0",
                            "vpc": "true"
                        },
                        "meta": {
                            "e2bfb730-ecaa-11e6-8f88-34363bc7c4c0": {
                                "delete": 180000000000,
                                "read": 900000000000,
                                "update": 300000000000
                            }
                        },
                        "tainted": false
                    },
                    "deposed": [],
                    "provider": "provider.aws"
                },
                "aws_instance.bastion": {
                    "type": "aws_instance",
                    "depends_on": [
                        "aws_security_group.sgweb",
                        "aws_subnet.public-subnet"
                    ],
                    "primary": {
                        "id": "i-051f544993bd18944",
                        "attributes": {
                            "ami": "ami-011b3ccf1bd6db744",
                            "arn": "arn:aws:ec2:us-east-1:747530799214:instance/i-051f544993bd18944",
                            "associate_public_ip_address": "true",
                            "availability_zone": "us-east-1a",
                            "cpu_core_count": "1",
                            "cpu_threads_per_core": "1",
                            "credit_specification.#": "1",
                            "credit_specification.0.cpu_credits": "standard",
                            "disable_api_termination": "false",
                            "ebs_block_device.#": "0",
                            "ebs_optimized": "false",
                            "ephemeral_block_device.#": "0",
                            "get_password_data": "false",
                            "iam_instance_profile": "",
                            "id": "i-051f544993bd18944",
                            "instance_state": "running",
                            "instance_type": "t2.micro",
                            "ipv6_addresses.#": "0",
                            "key_name": "test",
                            "monitoring": "false",
                            "network_interface.#": "0",
                            "network_interface_id": "eni-0905fa7ded325a53c",
                            "password_data": "",
                            "placement_group": "",
                            "primary_network_interface_id": "eni-0905fa7ded325a53c",
                            "private_dns": "ip-10-0-1-5.ec2.internal",
                            "private_ip": "10.0.1.5",
                            "public_dns": "ec2-3-91-53-162.compute-1.amazonaws.com",
                            "public_ip": "3.91.53.162",
                            "root_block_device.#": "1",
                            "root_block_device.0.delete_on_termination": "true",
                            "root_block_device.0.iops": "100",
                            "root_block_device.0.volume_id": "vol-060177af05a535eca",
                            "root_block_device.0.volume_size": "10",
                            "root_block_device.0.volume_type": "gp2",
                            "security_groups.#": "0",
                            "source_dest_check": "false",
                            "subnet_id": "subnet-0b6cfb21c192d2e9d",
                            "tags.%": "1",
                            "tags.Name": "bastion",
                            "tenancy": "default",
                            "user_data": "e52dd75161221bc2efbb5ac5b2b25fb898360d1d",
                            "volume_tags.%": "0",
                            "vpc_security_group_ids.#": "1",
                            "vpc_security_group_ids.163532333": "sg-0f8823f9edcbe265e"
                        },
                        "meta": {
                            "e2bfb730-ecaa-11e6-8f88-34363bc7c4c0": {
                                "create": 600000000000,
                                "delete": 1200000000000,
                                "update": 600000000000
                            },
                            "schema_version": "1"
                        },
                        "tainted": false
                    },
                    "deposed": [],
                    "provider": "provider.aws"
                },
                "aws_instance.db1": {
                    "type": "aws_instance",
                    "depends_on": [
                        "aws_security_group.sgdb",
                        "aws_subnet.private-subnet1"
                    ],
                    "primary": {
                        "id": "i-0ecde721bb53e6e49",
                        "attributes": {
                            "ami": "ami-011b3ccf1bd6db744",
                            "arn": "arn:aws:ec2:us-east-1:747530799214:instance/i-0ecde721bb53e6e49",
                            "associate_public_ip_address": "false",
                            "availability_zone": "us-east-1a",
                            "cpu_core_count": "32",
                            "cpu_threads_per_core": "2",
                            "credit_specification.#": "1",
                            "credit_specification.0.cpu_credits": "standard",
                            "disable_api_termination": "false",
                            "ebs_block_device.#": "0",
                            "ebs_optimized": "false",
                            "ephemeral_block_device.#": "0",
                            "get_password_data": "false",
                            "iam_instance_profile": "",
                            "id": "i-0ecde721bb53e6e49",
                            "instance_state": "running",
                            "instance_type": "i3.16xlarge",
                            "ipv6_addresses.#": "0",
                            "key_name": "test",
                            "monitoring": "false",
                            "network_interface.#": "0",
                            "network_interface_id": "eni-01a345e4d4756a0ca",
                            "password_data": "",
                            "placement_group": "",
                            "primary_network_interface_id": "eni-01a345e4d4756a0ca",
                            "private_dns": "ip-10-0-2-10.ec2.internal",
                            "private_ip": "10.0.2.10",
                            "public_dns": "",
                            "public_ip": "",
                            "root_block_device.#": "1",
                            "root_block_device.0.delete_on_termination": "true",
                            "root_block_device.0.iops": "100",
                            "root_block_device.0.volume_id": "vol-04c52fffeb5410d56",
                            "root_block_device.0.volume_size": "10",
                            "root_block_device.0.volume_type": "gp2",
                            "security_groups.#": "0",
                            "source_dest_check": "false",
                            "subnet_id": "subnet-0ecc952c9ba610f9a",
                            "tags.%": "1",
                            "tags.Name": "database1",
                            "tenancy": "default",
                            "user_data": "2d17863c95ccb2fbc97fb6a61e88e5d14bf6125b",
                            "volume_tags.%": "0",
                            "vpc_security_group_ids.#": "1",
                            "vpc_security_group_ids.959457711": "sg-07b5a64eeff05d278"
                        },
                        "meta": {
                            "e2bfb730-ecaa-11e6-8f88-34363bc7c4c0": {
                                "create": 600000000000,
                                "delete": 1200000000000,
                                "update": 600000000000
                            },
                            "schema_version": "1"
                        },
                        "tainted": false
                    },
                    "deposed": [],
                    "provider": "provider.aws"
                },
                "aws_instance.db2": {
                    "type": "aws_instance",
                    "depends_on": [
                        "aws_security_group.sgdb",
                        "aws_subnet.private-subnet2"
                    ],
                    "primary": {
                        "id": "i-0472883ec4781c381",
                        "attributes": {
                            "ami": "ami-011b3ccf1bd6db744",
                            "arn": "arn:aws:ec2:us-east-1:747530799214:instance/i-0472883ec4781c381",
                            "associate_public_ip_address": "false",
                            "availability_zone": "us-east-1b",
                            "cpu_core_count": "32",
                            "cpu_threads_per_core": "2",
                            "credit_specification.#": "1",
                            "credit_specification.0.cpu_credits": "standard",
                            "disable_api_termination": "false",
                            "ebs_block_device.#": "0",
                            "ebs_optimized": "false",
                            "ephemeral_block_device.#": "0",
                            "get_password_data": "false",
                            "iam_instance_profile": "",
                            "id": "i-0472883ec4781c381",
                            "instance_state": "running",
                            "instance_type": "i3.16xlarge",
                            "ipv6_addresses.#": "0",
                            "key_name": "test",
                            "monitoring": "false",
                            "network_interface.#": "0",
                            "network_interface_id": "eni-0d013d452fdf7d5c5",
                            "password_data": "",
                            "placement_group": "",
                            "primary_network_interface_id": "eni-0d013d452fdf7d5c5",
                            "private_dns": "ip-10-0-3-10.ec2.internal",
                            "private_ip": "10.0.3.10",
                            "public_dns": "",
                            "public_ip": "",
                            "root_block_device.#": "1",
                            "root_block_device.0.delete_on_termination": "true",
                            "root_block_device.0.iops": "100",
                            "root_block_device.0.volume_id": "vol-0515941f14a1d25b7",
                            "root_block_device.0.volume_size": "10",
                            "root_block_device.0.volume_type": "gp2",
                            "security_groups.#": "0",
                            "source_dest_check": "false",
                            "subnet_id": "subnet-07757eeaf209240f3",
                            "tags.%": "1",
                            "tags.Name": "database2",
                            "tenancy": "default",
                            "user_data": "2d17863c95ccb2fbc97fb6a61e88e5d14bf6125b",
                            "volume_tags.%": "0",
                            "vpc_security_group_ids.#": "1",
                            "vpc_security_group_ids.959457711": "sg-07b5a64eeff05d278"
                        },
                        "meta": {
                            "e2bfb730-ecaa-11e6-8f88-34363bc7c4c0": {
                                "create": 600000000000,
                                "delete": 1200000000000,
                                "update": 600000000000
                            },
                            "schema_version": "1"
                        },
                        "tainted": false
                    },
                    "deposed": [],
                    "provider": "provider.aws"
                },
                "aws_instance.db3": {
                    "type": "aws_instance",
                    "depends_on": [
                        "aws_security_group.sgdb",
                        "aws_subnet.private-subnet3"
                    ],
                    "primary": {
                        "id": "i-0ea70249b735202b6",
                        "attributes": {
                            "ami": "ami-011b3ccf1bd6db744",
                            "arn": "arn:aws:ec2:us-east-1:747530799214:instance/i-0ea70249b735202b6",
                            "associate_public_ip_address": "false",
                            "availability_zone": "us-east-1c",
                            "cpu_core_count": "32",
                            "cpu_threads_per_core": "2",
                            "credit_specification.#": "1",
                            "credit_specification.0.cpu_credits": "standard",
                            "disable_api_termination": "false",
                            "ebs_block_device.#": "0",
                            "ebs_optimized": "false",
                            "ephemeral_block_device.#": "0",
                            "get_password_data": "false",
                            "iam_instance_profile": "",
                            "id": "i-0ea70249b735202b6",
                            "instance_state": "running",
                            "instance_type": "i3.16xlarge",
                            "ipv6_addresses.#": "0",
                            "key_name": "test",
                            "monitoring": "false",
                            "network_interface.#": "0",
                            "network_interface_id": "eni-03aba17c5e9dac53e",
                            "password_data": "",
                            "placement_group": "",
                            "primary_network_interface_id": "eni-03aba17c5e9dac53e",
                            "private_dns": "ip-10-0-4-10.ec2.internal",
                            "private_ip": "10.0.4.10",
                            "public_dns": "",
                            "public_ip": "",
                            "root_block_device.#": "1",
                            "root_block_device.0.delete_on_termination": "true",
                            "root_block_device.0.iops": "100",
                            "root_block_device.0.volume_id": "vol-0607ec2ae80b98d67",
                            "root_block_device.0.volume_size": "10",
                            "root_block_device.0.volume_type": "gp2",
                            "security_groups.#": "0",
                            "source_dest_check": "false",
                            "subnet_id": "subnet-06901210f5d1c73d5",
                            "tags.%": "1",
                            "tags.Name": "database3",
                            "tenancy": "default",
                            "user_data": "2d17863c95ccb2fbc97fb6a61e88e5d14bf6125b",
                            "volume_tags.%": "0",
                            "vpc_security_group_ids.#": "1",
                            "vpc_security_group_ids.959457711": "sg-07b5a64eeff05d278"
                        },
                        "meta": {
                            "e2bfb730-ecaa-11e6-8f88-34363bc7c4c0": {
                                "create": 600000000000,
                                "delete": 1200000000000,
                                "update": 600000000000
                            },
                            "schema_version": "1"
                        },
                        "tainted": false
                    },
                    "deposed": [],
                    "provider": "provider.aws"
                },
                "aws_instance.max1": {
                    "type": "aws_instance",
                    "depends_on": [
                        "aws_security_group.sgdb",
                        "aws_subnet.private-subnet1"
                    ],
                    "primary": {
                        "id": "i-0060512006b49bb2a",
                        "attributes": {
                            "ami": "ami-011b3ccf1bd6db744",
                            "arn": "arn:aws:ec2:us-east-1:747530799214:instance/i-0060512006b49bb2a",
                            "associate_public_ip_address": "false",
                            "availability_zone": "us-east-1a",
                            "cpu_core_count": "8",
                            "cpu_threads_per_core": "2",
                            "credit_specification.#": "1",
                            "credit_specification.0.cpu_credits": "standard",
                            "disable_api_termination": "false",
                            "ebs_block_device.#": "0",
                            "ebs_optimized": "false",
                            "ephemeral_block_device.#": "0",
                            "get_password_data": "false",
                            "iam_instance_profile": "",
                            "id": "i-0060512006b49bb2a",
                            "instance_state": "running",
                            "instance_type": "i3.4xlarge",
                            "ipv6_addresses.#": "0",
                            "key_name": "test",
                            "monitoring": "false",
                            "network_interface.#": "0",
                            "network_interface_id": "eni-08392eaf051161af2",
                            "password_data": "",
                            "placement_group": "",
                            "primary_network_interface_id": "eni-08392eaf051161af2",
                            "private_dns": "ip-10-0-2-20.ec2.internal",
                            "private_ip": "10.0.2.20",
                            "public_dns": "",
                            "public_ip": "",
                            "root_block_device.#": "1",
                            "root_block_device.0.delete_on_termination": "true",
                            "root_block_device.0.iops": "100",
                            "root_block_device.0.volume_id": "vol-0fc8df97e921b2dd2",
                            "root_block_device.0.volume_size": "10",
                            "root_block_device.0.volume_type": "gp2",
                            "security_groups.#": "0",
                            "source_dest_check": "false",
                            "subnet_id": "subnet-0ecc952c9ba610f9a",
                            "tags.%": "1",
                            "tags.Name": "maxscale1",
                            "tenancy": "default",
                            "user_data": "2d17863c95ccb2fbc97fb6a61e88e5d14bf6125b",
                            "volume_tags.%": "0",
                            "vpc_security_group_ids.#": "1",
                            "vpc_security_group_ids.959457711": "sg-07b5a64eeff05d278"
                        },
                        "meta": {
                            "e2bfb730-ecaa-11e6-8f88-34363bc7c4c0": {
                                "create": 600000000000,
                                "delete": 1200000000000,
                                "update": 600000000000
                            },
                            "schema_version": "1"
                        },
                        "tainted": false
                    },
                    "deposed": [],
                    "provider": "provider.aws"
                },
                "aws_instance.max2": {
                    "type": "aws_instance",
                    "depends_on": [
                        "aws_security_group.sgdb",
                        "aws_subnet.private-subnet2"
                    ],
                    "primary": {
                        "id": "i-06be20b96849b6d86",
                        "attributes": {
                            "ami": "ami-011b3ccf1bd6db744",
                            "arn": "arn:aws:ec2:us-east-1:747530799214:instance/i-06be20b96849b6d86",
                            "associate_public_ip_address": "false",
                            "availability_zone": "us-east-1b",
                            "cpu_core_count": "8",
                            "cpu_threads_per_core": "2",
                            "credit_specification.#": "1",
                            "credit_specification.0.cpu_credits": "standard",
                            "disable_api_termination": "false",
                            "ebs_block_device.#": "0",
                            "ebs_optimized": "false",
                            "ephemeral_block_device.#": "0",
                            "get_password_data": "false",
                            "iam_instance_profile": "",
                            "id": "i-06be20b96849b6d86",
                            "instance_state": "running",
                            "instance_type": "i3.4xlarge",
                            "ipv6_addresses.#": "0",
                            "key_name": "test",
                            "monitoring": "false",
                            "network_interface.#": "0",
                            "network_interface_id": "eni-03e435080d2677ffd",
                            "password_data": "",
                            "placement_group": "",
                            "primary_network_interface_id": "eni-03e435080d2677ffd",
                            "private_dns": "ip-10-0-3-20.ec2.internal",
                            "private_ip": "10.0.3.20",
                            "public_dns": "",
                            "public_ip": "",
                            "root_block_device.#": "1",
                            "root_block_device.0.delete_on_termination": "true",
                            "root_block_device.0.iops": "100",
                            "root_block_device.0.volume_id": "vol-030191448aa877fdc",
                            "root_block_device.0.volume_size": "10",
                            "root_block_device.0.volume_type": "gp2",
                            "security_groups.#": "0",
                            "source_dest_check": "false",
                            "subnet_id": "subnet-07757eeaf209240f3",
                            "tags.%": "1",
                            "tags.Name": "maxscale2",
                            "tenancy": "default",
                            "user_data": "2d17863c95ccb2fbc97fb6a61e88e5d14bf6125b",
                            "volume_tags.%": "0",
                            "vpc_security_group_ids.#": "1",
                            "vpc_security_group_ids.959457711": "sg-07b5a64eeff05d278"
                        },
                        "meta": {
                            "e2bfb730-ecaa-11e6-8f88-34363bc7c4c0": {
                                "create": 600000000000,
                                "delete": 1200000000000,
                                "update": 600000000000
                            },
                            "schema_version": "1"
                        },
                        "tainted": false
                    },
                    "deposed": [],
                    "provider": "provider.aws"
                },
                "aws_internet_gateway.gw": {
                    "type": "aws_internet_gateway",
                    "depends_on": [
                        "aws_vpc.default"
                    ],
                    "primary": {
                        "id": "igw-0b4aee31fe2193f7e",
                        "attributes": {
                            "id": "igw-0b4aee31fe2193f7e",
                            "owner_id": "747530799214",
                            "tags.%": "1",
                            "tags.Name": "VPC IGW",
                            "vpc_id": "vpc-052e8fd30ea9f50b8"
                        },
                        "meta": {},
                        "tainted": false
                    },
                    "deposed": [],
                    "provider": "provider.aws"
                },
                "aws_nat_gateway.gw": {
                    "type": "aws_nat_gateway",
                    "depends_on": [
                        "aws_eip.nat",
                        "aws_internet_gateway.gw",
                        "aws_subnet.public-subnet"
                    ],
                    "primary": {
                        "id": "nat-019ebb243da9bfa7c",
                        "attributes": {
                            "allocation_id": "eipalloc-02f3f38b5549d29ea",
                            "id": "nat-019ebb243da9bfa7c",
                            "network_interface_id": "eni-029e1ba8c1ddae5be",
                            "private_ip": "10.0.1.12",
                            "public_ip": "3.83.74.144",
                            "subnet_id": "subnet-0b6cfb21c192d2e9d",
                            "tags.%": "0"
                        },
                        "meta": {},
                        "tainted": false
                    },
                    "deposed": [],
                    "provider": "provider.aws"
                },
                "aws_route_table.private-rt": {
                    "type": "aws_route_table",
                    "depends_on": [
                        "aws_nat_gateway.gw",
                        "aws_vpc.default"
                    ],
                    "primary": {
                        "id": "rtb-01eb3345c7fee3413",
                        "attributes": {
                            "id": "rtb-01eb3345c7fee3413",
                            "owner_id": "747530799214",
                            "propagating_vgws.#": "0",
                            "route.#": "1",
                            "route.1309521307.cidr_block": "0.0.0.0/0",
                            "route.1309521307.egress_only_gateway_id": "",
                            "route.1309521307.gateway_id": "",
                            "route.1309521307.instance_id": "",
                            "route.1309521307.ipv6_cidr_block": "",
                            "route.1309521307.nat_gateway_id": "nat-019ebb243da9bfa7c",
                            "route.1309521307.network_interface_id": "",
                            "route.1309521307.transit_gateway_id": "",
                            "route.1309521307.vpc_peering_connection_id": "",
                            "tags.%": "1",
                            "tags.Name": "Private Subnet RT",
                            "vpc_id": "vpc-052e8fd30ea9f50b8"
                        },
                        "meta": {},
                        "tainted": false
                    },
                    "deposed": [],
                    "provider": "provider.aws"
                },
                "aws_route_table.web-public-rt": {
                    "type": "aws_route_table",
                    "depends_on": [
                        "aws_internet_gateway.gw",
                        "aws_vpc.default"
                    ],
                    "primary": {
                        "id": "rtb-0c8f208f6e230a60b",
                        "attributes": {
                            "id": "rtb-0c8f208f6e230a60b",
                            "owner_id": "747530799214",
                            "propagating_vgws.#": "0",
                            "route.#": "1",
                            "route.2372077119.cidr_block": "0.0.0.0/0",
                            "route.2372077119.egress_only_gateway_id": "",
                            "route.2372077119.gateway_id": "igw-0b4aee31fe2193f7e",
                            "route.2372077119.instance_id": "",
                            "route.2372077119.ipv6_cidr_block": "",
                            "route.2372077119.nat_gateway_id": "",
                            "route.2372077119.network_interface_id": "",
                            "route.2372077119.transit_gateway_id": "",
                            "route.2372077119.vpc_peering_connection_id": "",
                            "tags.%": "1",
                            "tags.Name": "Public Subnet RT",
                            "vpc_id": "vpc-052e8fd30ea9f50b8"
                        },
                        "meta": {},
                        "tainted": false
                    },
                    "deposed": [],
                    "provider": "provider.aws"
                },
                "aws_route_table_association.private-rt1": {
                    "type": "aws_route_table_association",
                    "depends_on": [
                        "aws_route_table.private-rt",
                        "aws_subnet.private-subnet1"
                    ],
                    "primary": {
                        "id": "rtbassoc-0914766af411f78ed",
                        "attributes": {
                            "id": "rtbassoc-0914766af411f78ed",
                            "route_table_id": "rtb-01eb3345c7fee3413",
                            "subnet_id": "subnet-0ecc952c9ba610f9a"
                        },
                        "meta": {},
                        "tainted": false
                    },
                    "deposed": [],
                    "provider": "provider.aws"
                },
                "aws_route_table_association.private-rt2": {
                    "type": "aws_route_table_association",
                    "depends_on": [
                        "aws_route_table.private-rt",
                        "aws_subnet.private-subnet2"
                    ],
                    "primary": {
                        "id": "rtbassoc-02433a440857deac7",
                        "attributes": {
                            "id": "rtbassoc-02433a440857deac7",
                            "route_table_id": "rtb-01eb3345c7fee3413",
                            "subnet_id": "subnet-07757eeaf209240f3"
                        },
                        "meta": {},
                        "tainted": false
                    },
                    "deposed": [],
                    "provider": "provider.aws"
                },
                "aws_route_table_association.private-rt3": {
                    "type": "aws_route_table_association",
                    "depends_on": [
                        "aws_route_table.private-rt",
                        "aws_subnet.private-subnet3"
                    ],
                    "primary": {
                        "id": "rtbassoc-02a2e6f0ab4654d8b",
                        "attributes": {
                            "id": "rtbassoc-02a2e6f0ab4654d8b",
                            "route_table_id": "rtb-01eb3345c7fee3413",
                            "subnet_id": "subnet-06901210f5d1c73d5"
                        },
                        "meta": {},
                        "tainted": false
                    },
                    "deposed": [],
                    "provider": "provider.aws"
                },
                "aws_route_table_association.web-public-rt": {
                    "type": "aws_route_table_association",
                    "depends_on": [
                        "aws_route_table.web-public-rt",
                        "aws_subnet.public-subnet"
                    ],
                    "primary": {
                        "id": "rtbassoc-03eebad8a60fbe7b4",
                        "attributes": {
                            "id": "rtbassoc-03eebad8a60fbe7b4",
                            "route_table_id": "rtb-0c8f208f6e230a60b",
                            "subnet_id": "subnet-0b6cfb21c192d2e9d"
                        },
                        "meta": {},
                        "tainted": false
                    },
                    "deposed": [],
                    "provider": "provider.aws"
                },
                "aws_security_group.sgdb": {
                    "type": "aws_security_group",
                    "depends_on": [
                        "aws_vpc.default"
                    ],
                    "primary": {
                        "id": "sg-07b5a64eeff05d278",
                        "attributes": {
                            "arn": "arn:aws:ec2:us-east-1:747530799214:security-group/sg-07b5a64eeff05d278",
                            "description": "Allow traffic from public subnet",
                            "egress.#": "1",
                            "egress.482069346.cidr_blocks.#": "1",
                            "egress.482069346.cidr_blocks.0": "0.0.0.0/0",
                            "egress.482069346.description": "",
                            "egress.482069346.from_port": "0",
                            "egress.482069346.ipv6_cidr_blocks.#": "0",
                            "egress.482069346.prefix_list_ids.#": "0",
                            "egress.482069346.protocol": "-1",
                            "egress.482069346.security_groups.#": "0",
                            "egress.482069346.self": "false",
                            "egress.482069346.to_port": "0",
                            "id": "sg-07b5a64eeff05d278",
                            "ingress.#": "3",
                            "ingress.1098541575.cidr_blocks.#": "1",
                            "ingress.1098541575.cidr_blocks.0": "10.0.0.0/8",
                            "ingress.1098541575.description": "",
                            "ingress.1098541575.from_port": "3306",
                            "ingress.1098541575.ipv6_cidr_blocks.#": "0",
                            "ingress.1098541575.prefix_list_ids.#": "0",
                            "ingress.1098541575.protocol": "tcp",
                            "ingress.1098541575.security_groups.#": "0",
                            "ingress.1098541575.self": "false",
                            "ingress.1098541575.to_port": "3306",
                            "ingress.2093176058.cidr_blocks.#": "4",
                            "ingress.2093176058.cidr_blocks.0": "10.0.1.0/24",
                            "ingress.2093176058.cidr_blocks.1": "10.0.2.0/24",
                            "ingress.2093176058.cidr_blocks.2": "10.0.3.0/24",
                            "ingress.2093176058.cidr_blocks.3": "10.0.4.0/24",
                            "ingress.2093176058.description": "",
                            "ingress.2093176058.from_port": "22",
                            "ingress.2093176058.ipv6_cidr_blocks.#": "0",
                            "ingress.2093176058.prefix_list_ids.#": "0",
                            "ingress.2093176058.protocol": "tcp",
                            "ingress.2093176058.security_groups.#": "0",
                            "ingress.2093176058.self": "false",
                            "ingress.2093176058.to_port": "22",
                            "ingress.2582209309.cidr_blocks.#": "1",
                            "ingress.2582209309.cidr_blocks.0": "10.0.1.0/24",
                            "ingress.2582209309.description": "",
                            "ingress.2582209309.from_port": "-1",
                            "ingress.2582209309.ipv6_cidr_blocks.#": "0",
                            "ingress.2582209309.prefix_list_ids.#": "0",
                            "ingress.2582209309.protocol": "icmp",
                            "ingress.2582209309.security_groups.#": "0",
                            "ingress.2582209309.self": "false",
                            "ingress.2582209309.to_port": "-1",
                            "name": "sg_test_web",
                            "owner_id": "747530799214",
                            "revoke_rules_on_delete": "false",
                            "tags.%": "1",
                            "tags.Name": "DB SG",
                            "vpc_id": "vpc-052e8fd30ea9f50b8"
                        },
                        "meta": {
                            "e2bfb730-ecaa-11e6-8f88-34363bc7c4c0": {
                                "create": 600000000000,
                                "delete": 600000000000
                            },
                            "schema_version": "1"
                        },
                        "tainted": false
                    },
                    "deposed": [],
                    "provider": "provider.aws"
                },
                "aws_security_group.sgweb": {
                    "type": "aws_security_group",
                    "depends_on": [
                        "aws_vpc.default"
                    ],
                    "primary": {
                        "id": "sg-0f8823f9edcbe265e",
                        "attributes": {
                            "arn": "arn:aws:ec2:us-east-1:747530799214:security-group/sg-0f8823f9edcbe265e",
                            "description": "Allow incoming HTTP connections \u0026 SSH access",
                            "egress.#": "1",
                            "egress.482069346.cidr_blocks.#": "1",
                            "egress.482069346.cidr_blocks.0": "0.0.0.0/0",
                            "egress.482069346.description": "",
                            "egress.482069346.from_port": "0",
                            "egress.482069346.ipv6_cidr_blocks.#": "0",
                            "egress.482069346.prefix_list_ids.#": "0",
                            "egress.482069346.protocol": "-1",
                            "egress.482069346.security_groups.#": "0",
                            "egress.482069346.self": "false",
                            "egress.482069346.to_port": "0",
                            "id": "sg-0f8823f9edcbe265e",
                            "ingress.#": "4",
                            "ingress.1799340084.cidr_blocks.#": "1",
                            "ingress.1799340084.cidr_blocks.0": "0.0.0.0/0",
                            "ingress.1799340084.description": "",
                            "ingress.1799340084.from_port": "-1",
                            "ingress.1799340084.ipv6_cidr_blocks.#": "0",
                            "ingress.1799340084.prefix_list_ids.#": "0",
                            "ingress.1799340084.protocol": "icmp",
                            "ingress.1799340084.security_groups.#": "0",
                            "ingress.1799340084.self": "false",
                            "ingress.1799340084.to_port": "-1",
                            "ingress.2214680975.cidr_blocks.#": "1",
                            "ingress.2214680975.cidr_blocks.0": "0.0.0.0/0",
                            "ingress.2214680975.description": "",
                            "ingress.2214680975.from_port": "80",
                            "ingress.2214680975.ipv6_cidr_blocks.#": "0",
                            "ingress.2214680975.prefix_list_ids.#": "0",
                            "ingress.2214680975.protocol": "tcp",
                            "ingress.2214680975.security_groups.#": "0",
                            "ingress.2214680975.self": "false",
                            "ingress.2214680975.to_port": "80",
                            "ingress.2541437006.cidr_blocks.#": "1",
                            "ingress.2541437006.cidr_blocks.0": "0.0.0.0/0",
                            "ingress.2541437006.description": "",
                            "ingress.2541437006.from_port": "22",
                            "ingress.2541437006.ipv6_cidr_blocks.#": "0",
                            "ingress.2541437006.prefix_list_ids.#": "0",
                            "ingress.2541437006.protocol": "tcp",
                            "ingress.2541437006.security_groups.#": "0",
                            "ingress.2541437006.self": "false",
                            "ingress.2541437006.to_port": "22",
                            "ingress.2617001939.cidr_blocks.#": "1",
                            "ingress.2617001939.cidr_blocks.0": "0.0.0.0/0",
                            "ingress.2617001939.description": "",
                            "ingress.2617001939.from_port": "443",
                            "ingress.2617001939.ipv6_cidr_blocks.#": "0",
                            "ingress.2617001939.prefix_list_ids.#": "0",
                            "ingress.2617001939.protocol": "tcp",
                            "ingress.2617001939.security_groups.#": "0",
                            "ingress.2617001939.self": "false",
                            "ingress.2617001939.to_port": "443",
                            "name": "vpc_test_web",
                            "owner_id": "747530799214",
                            "revoke_rules_on_delete": "false",
                            "tags.%": "1",
                            "tags.Name": "Web Server SG",
                            "vpc_id": "vpc-052e8fd30ea9f50b8"
                        },
                        "meta": {
                            "e2bfb730-ecaa-11e6-8f88-34363bc7c4c0": {
                                "create": 600000000000,
                                "delete": 600000000000
                            },
                            "schema_version": "1"
                        },
                        "tainted": false
                    },
                    "deposed": [],
                    "provider": "provider.aws"
                },
                "aws_subnet.private-subnet1": {
                    "type": "aws_subnet",
                    "depends_on": [
                        "aws_vpc.default"
                    ],
                    "primary": {
                        "id": "subnet-0ecc952c9ba610f9a",
                        "attributes": {
                            "arn": "arn:aws:ec2:us-east-1:747530799214:subnet/subnet-0ecc952c9ba610f9a",
                            "assign_ipv6_address_on_creation": "false",
                            "availability_zone": "us-east-1a",
                            "availability_zone_id": "use1-az1",
                            "cidr_block": "10.0.2.0/24",
                            "id": "subnet-0ecc952c9ba610f9a",
                            "ipv6_cidr_block": "",
                            "ipv6_cidr_block_association_id": "",
                            "map_public_ip_on_launch": "false",
                            "owner_id": "747530799214",
                            "tags.%": "1",
                            "tags.Name": "Database Private Subnet-AZ1",
                            "vpc_id": "vpc-052e8fd30ea9f50b8"
                        },
                        "meta": {
                            "e2bfb730-ecaa-11e6-8f88-34363bc7c4c0": {
                                "create": 600000000000,
                                "delete": 600000000000
                            },
                            "schema_version": "1"
                        },
                        "tainted": false
                    },
                    "deposed": [],
                    "provider": "provider.aws"
                },
                "aws_subnet.private-subnet2": {
                    "type": "aws_subnet",
                    "depends_on": [
                        "aws_vpc.default"
                    ],
                    "primary": {
                        "id": "subnet-07757eeaf209240f3",
                        "attributes": {
                            "arn": "arn:aws:ec2:us-east-1:747530799214:subnet/subnet-07757eeaf209240f3",
                            "assign_ipv6_address_on_creation": "false",
                            "availability_zone": "us-east-1b",
                            "availability_zone_id": "use1-az2",
                            "cidr_block": "10.0.3.0/24",
                            "id": "subnet-07757eeaf209240f3",
                            "ipv6_cidr_block": "",
                            "ipv6_cidr_block_association_id": "",
                            "map_public_ip_on_launch": "false",
                            "owner_id": "747530799214",
                            "tags.%": "1",
                            "tags.Name": "Database Private Subnet-AZ2",
                            "vpc_id": "vpc-052e8fd30ea9f50b8"
                        },
                        "meta": {
                            "e2bfb730-ecaa-11e6-8f88-34363bc7c4c0": {
                                "create": 600000000000,
                                "delete": 600000000000
                            },
                            "schema_version": "1"
                        },
                        "tainted": false
                    },
                    "deposed": [],
                    "provider": "provider.aws"
                },
                "aws_subnet.private-subnet3": {
                    "type": "aws_subnet",
                    "depends_on": [
                        "aws_vpc.default"
                    ],
                    "primary": {
                        "id": "subnet-06901210f5d1c73d5",
                        "attributes": {
                            "arn": "arn:aws:ec2:us-east-1:747530799214:subnet/subnet-06901210f5d1c73d5",
                            "assign_ipv6_address_on_creation": "false",
                            "availability_zone": "us-east-1c",
                            "availability_zone_id": "use1-az4",
                            "cidr_block": "10.0.4.0/24",
                            "id": "subnet-06901210f5d1c73d5",
                            "ipv6_cidr_block": "",
                            "ipv6_cidr_block_association_id": "",
                            "map_public_ip_on_launch": "false",
                            "owner_id": "747530799214",
                            "tags.%": "1",
                            "tags.Name": "Database Private Subnet-AZ3",
                            "vpc_id": "vpc-052e8fd30ea9f50b8"
                        },
                        "meta": {
                            "e2bfb730-ecaa-11e6-8f88-34363bc7c4c0": {
                                "create": 600000000000,
                                "delete": 600000000000
                            },
                            "schema_version": "1"
                        },
                        "tainted": false
                    },
                    "deposed": [],
                    "provider": "provider.aws"
                },
                "aws_subnet.public-subnet": {
                    "type": "aws_subnet",
                    "depends_on": [
                        "aws_vpc.default"
                    ],
                    "primary": {
                        "id": "subnet-0b6cfb21c192d2e9d",
                        "attributes": {
                            "arn": "arn:aws:ec2:us-east-1:747530799214:subnet/subnet-0b6cfb21c192d2e9d",
                            "assign_ipv6_address_on_creation": "false",
                            "availability_zone": "us-east-1a",
                            "availability_zone_id": "use1-az1",
                            "cidr_block": "10.0.1.0/24",
                            "id": "subnet-0b6cfb21c192d2e9d",
                            "ipv6_cidr_block": "",
                            "ipv6_cidr_block_association_id": "",
                            "map_public_ip_on_launch": "false",
                            "owner_id": "747530799214",
                            "tags.%": "1",
                            "tags.Name": "bastion-subnet",
                            "vpc_id": "vpc-052e8fd30ea9f50b8"
                        },
                        "meta": {
                            "e2bfb730-ecaa-11e6-8f88-34363bc7c4c0": {
                                "create": 600000000000,
                                "delete": 600000000000
                            },
                            "schema_version": "1"
                        },
                        "tainted": false
                    },
                    "deposed": [],
                    "provider": "provider.aws"
                },
                "aws_vpc.default": {
                    "type": "aws_vpc",
                    "depends_on": [],
                    "primary": {
                        "id": "vpc-052e8fd30ea9f50b8",
                        "attributes": {
                            "arn": "arn:aws:ec2:us-east-1:747530799214:vpc/vpc-052e8fd30ea9f50b8",
                            "assign_generated_ipv6_cidr_block": "false",
                            "cidr_block": "10.0.0.0/16",
                            "default_network_acl_id": "acl-016043456a15bf75e",
                            "default_route_table_id": "rtb-03dece569fc28e476",
                            "default_security_group_id": "sg-066d0964a783a2ef6",
                            "dhcp_options_id": "dopt-c81b12b1",
                            "enable_classiclink": "false",
                            "enable_classiclink_dns_support": "false",
                            "enable_dns_hostnames": "true",
                            "enable_dns_support": "true",
                            "id": "vpc-052e8fd30ea9f50b8",
                            "instance_tenancy": "default",
                            "ipv6_association_id": "",
                            "ipv6_cidr_block": "",
                            "main_route_table_id": "rtb-03dece569fc28e476",
                            "owner_id": "747530799214",
                            "tags.%": "1",
                            "tags.Name": "mariadb-vpc"
                        },
                        "meta": {
                            "schema_version": "1"
                        },
                        "tainted": false
                    },
                    "deposed": [],
                    "provider": "provider.aws"
                }
            },
            "depends_on": []
        }
    ]
}
